
Microsoft Visual Studio Solution File, Format Version 12.00
# Visual Studio Version 17
VisualStudioVersion = 17.14.36221.1 d17.14
MinimumVisualStudioVersion = 10.0.40219.1
Project("{FAE04EC0-301F-11D3-BF4B-00C04F79EFBC}") = "ProjetoBarbearia", "ProjetoBarbearia\ProjetoBarbearia.csproj", "{EC31FD13-5502-4ADF-A536-8D4D42781CF0}"
EndProject
Global
	GlobalSection(SolutionConfigurationPlatforms) = preSolution
		Debug|Any CPU = Debug|Any CPU
		Release|Any CPU = Release|Any CPU
	EndGlobalSection
	GlobalSection(ProjectConfigurationPlatforms) = postSolution
		{EC31FD13-5502-4ADF-A536-8D4D42781CF0}.Debug|Any CPU.ActiveCfg = Debug|Any CPU
		{EC31FD13-5502-4ADF-A536-8D4D42781CF0}.Debug|Any CPU.Build.0 = Debug|Any CPU
		{EC31FD13-5502-4ADF-A536-8D4D42781CF0}.Release|Any CPU.ActiveCfg = Release|Any CPU
		{EC31FD13-5502-4ADF-A536-8D4D42781CF0}.Release|Any CPU.Build.0 = Release|Any CPU
	EndGlobalSection
	GlobalSection(SolutionProperties) = preSolution
		HideSolutionNode = FALSE
	EndGlobalSection
	GlobalSection(ExtensibilityGlobals) = postSolution
		SolutionGuid = {DE6C2166-1EFB-4B66-9980-636795888647}
	EndGlobalSection
EndGlobal
